
Microsoft Visual Studio Solution File, Format Version 12.00
# Visual Studio Version 17
VisualStudioVersion = 17.12.35707.178
MinimumVisualStudioVersion = 10.0.40219.1
Project("{FAE04EC0-301F-11D3-BF4B-00C04F79EFBC}") = "Qualif", "Qualif\Qualif.csproj", "{8B28ACB8-EE2C-4258-BC3B-8C667E99A7B5}"
EndProject
Project("{FAE04EC0-301F-11D3-BF4B-00C04F79EFBC}") = "WebService", "WebService\WebService.csproj", "{A5FD2546-812F-426D-B36D-4AAD41791B0C}"
EndProject
Global
	GlobalSection(SolutionConfigurationPlatforms) = preSolution
		Debug|Any CPU = Debug|Any CPU
		Release|Any CPU = Release|Any CPU
	EndGlobalSection
	GlobalSection(ProjectConfigurationPlatforms) = postSolution
		{8B28ACB8-EE2C-4258-BC3B-8C667E99A7B5}.Debug|Any CPU.ActiveCfg = Debug|Any CPU
		{8B28ACB8-EE2C-4258-BC3B-8C667E99A7B5}.Debug|Any CPU.Build.0 = Debug|Any CPU
		{8B28ACB8-EE2C-4258-BC3B-8C667E99A7B5}.Release|Any CPU.ActiveCfg = Release|Any CPU
		{8B28ACB8-EE2C-4258-BC3B-8C667E99A7B5}.Release|Any CPU.Build.0 = Release|Any CPU
		{A5FD2546-812F-426D-B36D-4AAD41791B0C}.Debug|Any CPU.ActiveCfg = Debug|Any CPU
		{A5FD2546-812F-426D-B36D-4AAD41791B0C}.Debug|Any CPU.Build.0 = Debug|Any CPU
		{A5FD2546-812F-426D-B36D-4AAD41791B0C}.Release|Any CPU.ActiveCfg = Release|Any CPU
		{A5FD2546-812F-426D-B36D-4AAD41791B0C}.Release|Any CPU.Build.0 = Release|Any CPU
	EndGlobalSection
	GlobalSection(SolutionProperties) = preSolution
		HideSolutionNode = FALSE
	EndGlobalSection
	GlobalSection(ExtensibilityGlobals) = postSolution
		SolutionGuid = {8F5F91C1-E5BD-424F-B699-DCCCF110CBD3}
	EndGlobalSection
EndGlobal
